{
  "name": "parse-server",
  "version": "1.0.0",
  "lockfileVersion": 3,
  "requires": true,
  "packages": {
    "": {
      "name": "parse-server",
      "version": "1.0.0",
      "dependencies": {
        "parse-server": "file:"
      }
    },
    "node_modules/parse-server": {
      "resolved": "",
      "link": true
    }
  }
}
